
Microsoft Visual Studio Solution File, Format Version 12.00
# Visual Studio Version 17
VisualStudioVersion = 17.11.35327.3
MinimumVisualStudioVersion = 10.0.40219.1
Project("{9A19103F-16F7-4668-BE54-9A1E7A4F7556}") = "FullstackAPI", "FullstackAPI\FullstackAPI.csproj", "{5E382A6E-29D2-4BE9-AC41-443643D78AFD}"
EndProject
Project("{9A19103F-16F7-4668-BE54-9A1E7A4F7556}") = "FullstackGUI", "FullstackGUI\FullstackGUI.csproj", "{A0DF2CAC-CBAE-41C6-BF67-EC82543B731F}"
EndProject
Project("{FAE04EC0-301F-11D3-BF4B-00C04F79EFBC}") = "SharedProject", "SharedProject\SharedProject.csproj", "{12EE3C94-4478-4023-88B9-FD25B89E1ED0}"
EndProject
Global
	GlobalSection(SolutionConfigurationPlatforms) = preSolution
		Debug|Any CPU = Debug|Any CPU
		Release|Any CPU = Release|Any CPU
	EndGlobalSection
	GlobalSection(ProjectConfigurationPlatforms) = postSolution
		{5E382A6E-29D2-4BE9-AC41-443643D78AFD}.Debug|Any CPU.ActiveCfg = Debug|Any CPU
		{5E382A6E-29D2-4BE9-AC41-443643D78AFD}.Debug|Any CPU.Build.0 = Debug|Any CPU
		{5E382A6E-29D2-4BE9-AC41-443643D78AFD}.Release|Any CPU.ActiveCfg = Release|Any CPU
		{5E382A6E-29D2-4BE9-AC41-443643D78AFD}.Release|Any CPU.Build.0 = Release|Any CPU
		{A0DF2CAC-CBAE-41C6-BF67-EC82543B731F}.Debug|Any CPU.ActiveCfg = Debug|Any CPU
		{A0DF2CAC-CBAE-41C6-BF67-EC82543B731F}.Debug|Any CPU.Build.0 = Debug|Any CPU
		{A0DF2CAC-CBAE-41C6-BF67-EC82543B731F}.Release|Any CPU.ActiveCfg = Release|Any CPU
		{A0DF2CAC-CBAE-41C6-BF67-EC82543B731F}.Release|Any CPU.Build.0 = Release|Any CPU
		{12EE3C94-4478-4023-88B9-FD25B89E1ED0}.Debug|Any CPU.ActiveCfg = Debug|Any CPU
		{12EE3C94-4478-4023-88B9-FD25B89E1ED0}.Debug|Any CPU.Build.0 = Debug|Any CPU
		{12EE3C94-4478-4023-88B9-FD25B89E1ED0}.Release|Any CPU.ActiveCfg = Release|Any CPU
		{12EE3C94-4478-4023-88B9-FD25B89E1ED0}.Release|Any CPU.Build.0 = Release|Any CPU
	EndGlobalSection
	GlobalSection(SolutionProperties) = preSolution
		HideSolutionNode = FALSE
	EndGlobalSection
	GlobalSection(ExtensibilityGlobals) = postSolution
		SolutionGuid = {1FF0DD1A-ED7C-473B-8AD3-3615719BA043}
	EndGlobalSection
EndGlobal
